
Microsoft Visual Studio Solution File, Format Version 12.00
# Visual Studio 2013
VisualStudioVersion = 12.0.30501.0
MinimumVisualStudioVersion = 10.0.40219.1
Project("{FAE04EC0-301F-11D3-BF4B-00C04F79EFBC}") = "RTreeTests", "RTreeTests\RTreeTests.csproj", "{0A1DBCE2-F1EA-416F-B1AB-8C55C0651807}"
EndProject
Project("{FAE04EC0-301F-11D3-BF4B-00C04F79EFBC}") = "SpatialIndexStructures", "SpatialIndexStructures\SpatialIndexStructures.csproj", "{AC97F457-AAD7-483F-A692-D10F217E2C94}"
EndProject
Project("{FAE04EC0-301F-11D3-BF4B-00C04F79EFBC}") = "RTreeSample", "RTreeSample\RTreeSample.csproj", "{62CFE0DF-4F5C-42C8-B5BD-5DD82624B09E}"
EndProject
Global
	GlobalSection(SolutionConfigurationPlatforms) = preSolution
		Debug|Any CPU = Debug|Any CPU
		Release|Any CPU = Release|Any CPU
	EndGlobalSection
	GlobalSection(ProjectConfigurationPlatforms) = postSolution
		{0A1DBCE2-F1EA-416F-B1AB-8C55C0651807}.Debug|Any CPU.ActiveCfg = Debug|Any CPU
		{0A1DBCE2-F1EA-416F-B1AB-8C55C0651807}.Debug|Any CPU.Build.0 = Debug|Any CPU
		{0A1DBCE2-F1EA-416F-B1AB-8C55C0651807}.Release|Any CPU.ActiveCfg = Release|Any CPU
		{0A1DBCE2-F1EA-416F-B1AB-8C55C0651807}.Release|Any CPU.Build.0 = Release|Any CPU
		{AC97F457-AAD7-483F-A692-D10F217E2C94}.Debug|Any CPU.ActiveCfg = Debug|Any CPU
		{AC97F457-AAD7-483F-A692-D10F217E2C94}.Debug|Any CPU.Build.0 = Debug|Any CPU
		{AC97F457-AAD7-483F-A692-D10F217E2C94}.Release|Any CPU.ActiveCfg = Release|Any CPU
		{AC97F457-AAD7-483F-A692-D10F217E2C94}.Release|Any CPU.Build.0 = Release|Any CPU
		{62CFE0DF-4F5C-42C8-B5BD-5DD82624B09E}.Debug|Any CPU.ActiveCfg = Debug|Any CPU
		{62CFE0DF-4F5C-42C8-B5BD-5DD82624B09E}.Debug|Any CPU.Build.0 = Debug|Any CPU
		{62CFE0DF-4F5C-42C8-B5BD-5DD82624B09E}.Release|Any CPU.ActiveCfg = Release|Any CPU
		{62CFE0DF-4F5C-42C8-B5BD-5DD82624B09E}.Release|Any CPU.Build.0 = Release|Any CPU
	EndGlobalSection
	GlobalSection(SolutionProperties) = preSolution
		HideSolutionNode = FALSE
	EndGlobalSection
EndGlobal
